
Microsoft Visual Studio Solution File, Format Version 12.00
# Visual Studio Version 17
VisualStudioVersion = 17.10.35013.160
MinimumVisualStudioVersion = 10.0.40219.1
Project("{FAE04EC0-301F-11D3-BF4B-00C04F79EFBC}") = "SmartSmoker19.Server", "SmartSmoker19.Server\SmartSmoker19.Server.csproj", "{B856B2FC-75CD-44EA-98FB-3E9D2A9BE76A}"
EndProject
Project("{54A90642-561A-4BB1-A94E-469ADEE60C69}") = "smartsmoker19.client", "smartsmoker19.client\smartsmoker19.client.esproj", "{B3EE6644-E311-4A65-9692-F80684E11055}"
EndProject
Global
	GlobalSection(SolutionConfigurationPlatforms) = preSolution
		Debug|Any CPU = Debug|Any CPU
		Release|Any CPU = Release|Any CPU
	EndGlobalSection
	GlobalSection(ProjectConfigurationPlatforms) = postSolution
		{B856B2FC-75CD-44EA-98FB-3E9D2A9BE76A}.Debug|Any CPU.ActiveCfg = Debug|Any CPU
		{B856B2FC-75CD-44EA-98FB-3E9D2A9BE76A}.Debug|Any CPU.Build.0 = Debug|Any CPU
		{B856B2FC-75CD-44EA-98FB-3E9D2A9BE76A}.Release|Any CPU.ActiveCfg = Release|Any CPU
		{B856B2FC-75CD-44EA-98FB-3E9D2A9BE76A}.Release|Any CPU.Build.0 = Release|Any CPU
		{B3EE6644-E311-4A65-9692-F80684E11055}.Debug|Any CPU.ActiveCfg = Debug|Any CPU
		{B3EE6644-E311-4A65-9692-F80684E11055}.Debug|Any CPU.Build.0 = Debug|Any CPU
		{B3EE6644-E311-4A65-9692-F80684E11055}.Debug|Any CPU.Deploy.0 = Debug|Any CPU
		{B3EE6644-E311-4A65-9692-F80684E11055}.Release|Any CPU.ActiveCfg = Release|Any CPU
		{B3EE6644-E311-4A65-9692-F80684E11055}.Release|Any CPU.Build.0 = Release|Any CPU
		{B3EE6644-E311-4A65-9692-F80684E11055}.Release|Any CPU.Deploy.0 = Release|Any CPU
	EndGlobalSection
	GlobalSection(SolutionProperties) = preSolution
		HideSolutionNode = FALSE
	EndGlobalSection
	GlobalSection(ExtensibilityGlobals) = postSolution
		SolutionGuid = {33200109-9E14-40C1-B310-622D4401AB33}
	EndGlobalSection
EndGlobal
